
Microsoft Visual Studio Solution File, Format Version 12.00
# Visual Studio Version 17
VisualStudioVersion = 17.2.32616.157
MinimumVisualStudioVersion = 10.0.40219.1
Project("{8BC9CEB8-8B4A-11D0-8D11-00A0C91BC942}") = "sniffer", "sniffer\sniffer.vcxproj", "{24A64EAA-BFAB-4AFD-9822-748EB0B4CDCE}"
EndProject
Global
	GlobalSection(SolutionConfigurationPlatforms) = preSolution
		Debug|x64 = Debug|x64
		Debug|x86 = Debug|x86
		Release|x64 = Release|x64
		Release|x86 = Release|x86
	EndGlobalSection
	GlobalSection(ProjectConfigurationPlatforms) = postSolution
		{24A64EAA-BFAB-4AFD-9822-748EB0B4CDCE}.Debug|x64.ActiveCfg = Debug|x64
		{24A64EAA-BFAB-4AFD-9822-748EB0B4CDCE}.Debug|x64.Build.0 = Debug|x64
		{24A64EAA-BFAB-4AFD-9822-748EB0B4CDCE}.Debug|x86.ActiveCfg = Debug|Win32
		{24A64EAA-BFAB-4AFD-9822-748EB0B4CDCE}.Debug|x86.Build.0 = Debug|Win32
		{24A64EAA-BFAB-4AFD-9822-748EB0B4CDCE}.Release|x64.ActiveCfg = Release|x64
		{24A64EAA-BFAB-4AFD-9822-748EB0B4CDCE}.Release|x64.Build.0 = Release|x64
		{24A64EAA-BFAB-4AFD-9822-748EB0B4CDCE}.Release|x86.ActiveCfg = Release|Win32
		{24A64EAA-BFAB-4AFD-9822-748EB0B4CDCE}.Release|x86.Build.0 = Release|Win32
	EndGlobalSection
	GlobalSection(SolutionProperties) = preSolution
		HideSolutionNode = FALSE
	EndGlobalSection
	GlobalSection(ExtensibilityGlobals) = postSolution
		SolutionGuid = {0B656BD4-8231-4565-A175-DF00BAC263CD}
	EndGlobalSection
EndGlobal
